{
  "name": "ajs_node",
  "version": "1.0.0",
  "lockfileVersion": 3,
  "requires": true,
  "packages": {
    "": {
      "name": "ajs_node",
      "version": "1.0.0",
      "license": "ISC",
      "dependencies": {
        "@golbanef/ajs": "^1.0.0"
      }
    },
    "node_modules/@golbanef/ajs": {
      "version": "1.0.0",
      "resolved": "https://npm.pkg.github.com/download/@golbanef/ajs/1.0.0/05aa639ec53feea93b6ff2d6ec75c72a9181d6d4",
      "integrity": "sha512-/jFPq3WglOPrF7e7al3czumcsdfdnEP9KL3DpKxwUThldKR19mL1eaVqgfIcViErYQYfQZapqMWZ4x6Ua5IJOw==",
      "license": "ISC"
    }
  }
}
